
Microsoft Visual Studio Solution File, Format Version 12.00
# Visual Studio 2012
Project("{FAE04EC0-301F-11D3-BF4B-00C04F79EFBC}") = "Trial_MVC", "Trial_MVC\Trial_MVC.csproj", "{86F9B62A-FB70-44D1-B794-F19E0FF11336}"
EndProject
Global
	GlobalSection(SolutionConfigurationPlatforms) = preSolution
		Debug|Any CPU = Debug|Any CPU
		Release|Any CPU = Release|Any CPU
	EndGlobalSection
	GlobalSection(ProjectConfigurationPlatforms) = postSolution
		{86F9B62A-FB70-44D1-B794-F19E0FF11336}.Debug|Any CPU.ActiveCfg = Debug|Any CPU
		{86F9B62A-FB70-44D1-B794-F19E0FF11336}.Debug|Any CPU.Build.0 = Debug|Any CPU
		{86F9B62A-FB70-44D1-B794-F19E0FF11336}.Release|Any CPU.ActiveCfg = Release|Any CPU
		{86F9B62A-FB70-44D1-B794-F19E0FF11336}.Release|Any CPU.Build.0 = Release|Any CPU
	EndGlobalSection
	GlobalSection(SolutionProperties) = preSolution
		HideSolutionNode = FALSE
	EndGlobalSection
EndGlobal
