
Microsoft Visual Studio Solution File, Format Version 12.00
# Visual Studio 2012
Project("{FAE04EC0-301F-11D3-BF4B-00C04F79EFBC}") = "EMS_MVC", "EMS_MVC\EMS_MVC.csproj", "{5AE24255-1844-4198-9C3E-A331AB0A8620}"
EndProject
Project("{FAE04EC0-301F-11D3-BF4B-00C04F79EFBC}") = "Tavisca.Model", "..\RollBaseAcess\Tavisca.Model\Tavisca.Model.csproj", "{727AD4F9-4A24-420C-8429-BAC7962C56B2}"
EndProject
Project("{FAE04EC0-301F-11D3-BF4B-00C04F79EFBC}") = "Tavisca.EMS.Security", "Tavisca.EMS.Security\Tavisca.EMS.Security.csproj", "{26316C6C-2969-49B6-B524-482DBDDAF6CF}"
EndProject
Global
	GlobalSection(SolutionConfigurationPlatforms) = preSolution
		Debug|Any CPU = Debug|Any CPU
		Release|Any CPU = Release|Any CPU
	EndGlobalSection
	GlobalSection(ProjectConfigurationPlatforms) = postSolution
		{5AE24255-1844-4198-9C3E-A331AB0A8620}.Debug|Any CPU.ActiveCfg = Debug|Any CPU
		{5AE24255-1844-4198-9C3E-A331AB0A8620}.Debug|Any CPU.Build.0 = Debug|Any CPU
		{5AE24255-1844-4198-9C3E-A331AB0A8620}.Release|Any CPU.ActiveCfg = Release|Any CPU
		{5AE24255-1844-4198-9C3E-A331AB0A8620}.Release|Any CPU.Build.0 = Release|Any CPU
		{727AD4F9-4A24-420C-8429-BAC7962C56B2}.Debug|Any CPU.ActiveCfg = Debug|Any CPU
		{727AD4F9-4A24-420C-8429-BAC7962C56B2}.Debug|Any CPU.Build.0 = Debug|Any CPU
		{727AD4F9-4A24-420C-8429-BAC7962C56B2}.Release|Any CPU.ActiveCfg = Release|Any CPU
		{727AD4F9-4A24-420C-8429-BAC7962C56B2}.Release|Any CPU.Build.0 = Release|Any CPU
		{26316C6C-2969-49B6-B524-482DBDDAF6CF}.Debug|Any CPU.ActiveCfg = Debug|Any CPU
		{26316C6C-2969-49B6-B524-482DBDDAF6CF}.Debug|Any CPU.Build.0 = Debug|Any CPU
		{26316C6C-2969-49B6-B524-482DBDDAF6CF}.Release|Any CPU.ActiveCfg = Release|Any CPU
		{26316C6C-2969-49B6-B524-482DBDDAF6CF}.Release|Any CPU.Build.0 = Release|Any CPU
	EndGlobalSection
	GlobalSection(SolutionProperties) = preSolution
		HideSolutionNode = FALSE
	EndGlobalSection
EndGlobal
