
Microsoft Visual Studio Solution File, Format Version 12.00
# Visual Studio 2012
Project("{FAE04EC0-301F-11D3-BF4B-00C04F79EFBC}") = "Selenium", "Selenium\Selenium.csproj", "{7CB254B9-3140-432D-ADE3-83B6AC6B33FF}"
EndProject
Global
	GlobalSection(SolutionConfigurationPlatforms) = preSolution
		Debug|Any CPU = Debug|Any CPU
		Release|Any CPU = Release|Any CPU
	EndGlobalSection
	GlobalSection(ProjectConfigurationPlatforms) = postSolution
		{7CB254B9-3140-432D-ADE3-83B6AC6B33FF}.Debug|Any CPU.ActiveCfg = Debug|Any CPU
		{7CB254B9-3140-432D-ADE3-83B6AC6B33FF}.Debug|Any CPU.Build.0 = Debug|Any CPU
		{7CB254B9-3140-432D-ADE3-83B6AC6B33FF}.Release|Any CPU.ActiveCfg = Release|Any CPU
		{7CB254B9-3140-432D-ADE3-83B6AC6B33FF}.Release|Any CPU.Build.0 = Release|Any CPU
	EndGlobalSection
	GlobalSection(SolutionProperties) = preSolution
		HideSolutionNode = FALSE
	EndGlobalSection
EndGlobal
